// !$*UTF8*$!
{
	archiveVersion = 1;
	classes = {
	};
	objectVersion = 56;
	objects = {

/* Begin PBXBuildFile section */
		A10001 /* AlarmaApp.swift in Sources */ = {isa = PBXBuildFile; fileRef = A20001 /* AlarmaApp.swift */; };
		A10002 /* ContentView.swift in Sources */ = {isa = PBXBuildFile; fileRef = A20002 /* ContentView.swift */; };
		A10003 /* Alarm.swift in Sources */ = {isa = PBXBuildFile; fileRef = A20003 /* Alarm.swift */; };
		A10004 /* AlarmSound.swift in Sources */ = {isa = PBXBuildFile; fileRef = A20004 /* AlarmSound.swift */; };
		A10005 /* MathProblem.swift in Sources */ = {isa = PBXBuildFile; fileRef = A20005 /* MathProblem.swift */; };
		A10006 /* AlarmManager.swift in Sources */ = {isa = PBXBuildFile; fileRef = A20006 /* AlarmManager.swift */; };
		A10007 /* AlarmListView.swift in Sources */ = {isa = PBXBuildFile; fileRef = A20007 /* AlarmListView.swift */; };
		A10008 /* AlarmDetailView.swift in Sources */ = {isa = PBXBuildFile; fileRef = A20008 /* AlarmDetailView.swift */; };
		A10009 /* DaySelectorView.swift in Sources */ = {isa = PBXBuildFile; fileRef = A20009 /* DaySelectorView.swift */; };
		A10010 /* AlarmActiveView.swift in Sources */ = {isa = PBXBuildFile; fileRef = A20010 /* AlarmActiveView.swift */; };
		A10011 /* SoundPickerView.swift in Sources */ = {isa = PBXBuildFile; fileRef = A20011 /* SoundPickerView.swift */; };
		A10012 /* NotificationService.swift in Sources */ = {isa = PBXBuildFile; fileRef = A20012 /* NotificationService.swift */; };
		A10013 /* AudioService.swift in Sources */ = {isa = PBXBuildFile; fileRef = A20013 /* AudioService.swift */; };
		A10014 /* MathService.swift in Sources */ = {isa = PBXBuildFile; fileRef = A20014 /* MathService.swift */; };
		A10015 /* PersistenceService.swift in Sources */ = {isa = PBXBuildFile; fileRef = A20015 /* PersistenceService.swift */; };
		A10016 /* AppStyles.swift in Sources */ = {isa = PBXBuildFile; fileRef = A20016 /* AppStyles.swift */; };
/* End PBXBuildFile section */

/* Begin PBXFileReference section */
		A20001 /* AlarmaApp.swift */ = {isa = PBXFileReference; lastKnownFileType = sourcecode.swift; path = AlarmaApp.swift; sourceTree = "<group>"; };
		A20002 /* ContentView.swift */ = {isa = PBXFileReference; lastKnownFileType = sourcecode.swift; path = ContentView.swift; sourceTree = "<group>"; };
		A20003 /* Alarm.swift */ = {isa = PBXFileReference; lastKnownFileType = sourcecode.swift; path = Alarm.swift; sourceTree = "<group>"; };
		A20004 /* AlarmSound.swift */ = {isa = PBXFileReference; lastKnownFileType = sourcecode.swift; path = AlarmSound.swift; sourceTree = "<group>"; };
		A20005 /* MathProblem.swift */ = {isa = PBXFileReference; lastKnownFileType = sourcecode.swift; path = MathProblem.swift; sourceTree = "<group>"; };
		A20006 /* AlarmManager.swift */ = {isa = PBXFileReference; lastKnownFileType = sourcecode.swift; path = AlarmManager.swift; sourceTree = "<group>"; };
		A20007 /* AlarmListView.swift */ = {isa = PBXFileReference; lastKnownFileType = sourcecode.swift; path = AlarmListView.swift; sourceTree = "<group>"; };
		A20008 /* AlarmDetailView.swift */ = {isa = PBXFileReference; lastKnownFileType = sourcecode.swift; path = AlarmDetailView.swift; sourceTree = "<group>"; };
		A20009 /* DaySelectorView.swift */ = {isa = PBXFileReference; lastKnownFileType = sourcecode.swift; path = DaySelectorView.swift; sourceTree = "<group>"; };
		A20010 /* AlarmActiveView.swift */ = {isa = PBXFileReference; lastKnownFileType = sourcecode.swift; path = AlarmActiveView.swift; sourceTree = "<group>"; };
		A20011 /* SoundPickerView.swift */ = {isa = PBXFileReference; lastKnownFileType = sourcecode.swift; path = SoundPickerView.swift; sourceTree = "<group>"; };
		A20012 /* NotificationService.swift */ = {isa = PBXFileReference; lastKnownFileType = sourcecode.swift; path = NotificationService.swift; sourceTree = "<group>"; };
		A20013 /* AudioService.swift */ = {isa = PBXFileReference; lastKnownFileType = sourcecode.swift; path = AudioService.swift; sourceTree = "<group>"; };
		A20014 /* MathService.swift */ = {isa = PBXFileReference; lastKnownFileType = sourcecode.swift; path = MathService.swift; sourceTree = "<group>"; };
		A20015 /* PersistenceService.swift */ = {isa = PBXFileReference; lastKnownFileType = sourcecode.swift; path = PersistenceService.swift; sourceTree = "<group>"; };
		A20016 /* AppStyles.swift */ = {isa = PBXFileReference; lastKnownFileType = sourcecode.swift; path = AppStyles.swift; sourceTree = "<group>"; };
		A20017 /* Info.plist */ = {isa = PBXFileReference; lastKnownFileType = text.plist.xml; path = Info.plist; sourceTree = "<group>"; };
		A20018 /* Assets.xcassets */ = {isa = PBXFileReference; lastKnownFileType = folder.assetcatalog; path = Assets.xcassets; sourceTree = "<group>"; };
		A30001 /* Alarma.app */ = {isa = PBXFileReference; explicitFileType = wrapper.application; includeInIndex = 0; path = Alarma.app; sourceTree = BUILT_PRODUCTS_DIR; };
/* End PBXFileReference section */

/* Begin PBXFrameworksBuildPhase section */
		A40001 /* Frameworks */ = {
			isa = PBXFrameworksBuildPhase;
			buildActionMask = 2147483647;
			files = (
			);
			runOnlyForDeploymentPostprocessing = 0;
		};
/* End PBXFrameworksBuildPhase section */

/* Begin PBXGroup section */
		A50001 = {
			isa = PBXGroup;
			children = (
				A50002 /* Alarma */,
				A50008 /* Products */,
			);
			sourceTree = "<group>";
		};
		A50002 /* Alarma */ = {
			isa = PBXGroup;
			children = (
				A50003 /* Models */,
				A50004 /* ViewModels */,
				A50005 /* Views */,
				A50006 /* Services */,
				A50007 /* Resources */,
				A20001 /* AlarmaApp.swift */,
				A20002 /* ContentView.swift */,
				A20017 /* Info.plist */,
			);
			path = Alarma;
			sourceTree = "<group>";
		};
		A50003 /* Models */ = {
			isa = PBXGroup;
			children = (
				A20003 /* Alarm.swift */,
				A20004 /* AlarmSound.swift */,
				A20005 /* MathProblem.swift */,
			);
			path = Models;
			sourceTree = "<group>";
		};
		A50004 /* ViewModels */ = {
			isa = PBXGroup;
			children = (
				A20006 /* AlarmManager.swift */,
			);
			path = ViewModels;
			sourceTree = "<group>";
		};
		A50005 /* Views */ = {
			isa = PBXGroup;
			children = (
				A20007 /* AlarmListView.swift */,
				A20008 /* AlarmDetailView.swift */,
				A20009 /* DaySelectorView.swift */,
				A20010 /* AlarmActiveView.swift */,
				A20011 /* SoundPickerView.swift */,
			);
			path = Views;
			sourceTree = "<group>";
		};
		A50006 /* Services */ = {
			isa = PBXGroup;
			children = (
				A20012 /* NotificationService.swift */,
				A20013 /* AudioService.swift */,
				A20014 /* MathService.swift */,
				A20015 /* PersistenceService.swift */,
			);
			path = Services;
			sourceTree = "<group>";
		};
		A50007 /* Resources */ = {
			isa = PBXGroup;
			children = (
				A20016 /* AppStyles.swift */,
				A20018 /* Assets.xcassets */,
			);
			path = Resources;
			sourceTree = "<group>";
		};
		A50008 /* Products */ = {
			isa = PBXGroup;
			children = (
				A30001 /* Alarma.app */,
			);
			name = Products;
			sourceTree = "<group>";
		};
/* End PBXGroup section */

/* Begin PBXNativeTarget section */
		A60001 /* Alarma */ = {
			isa = PBXNativeTarget;
			buildConfigurationList = A70006 /* Build configuration list for PBXNativeTarget "Alarma" */;
			buildPhases = (
				A80001 /* Sources */,
				A40001 /* Frameworks */,
				A80002 /* Resources */,
			);
			buildRules = (
			);
			dependencies = (
			);
			name = Alarma;
			productName = Alarma;
			productReference = A30001 /* Alarma.app */;
			productType = "com.apple.product-type.application";
		};
/* End PBXNativeTarget section */

/* Begin PBXProject section */
		A90001 /* Project object */ = {
			isa = PBXProject;
			attributes = {
				BuildIndependentTargetsInParallel = 1;
				LastSwiftUpdateCheck = 1600;
				LastUpgradeCheck = 1600;
				TargetAttributes = {
					A60001 = {
						CreatedOnToolsVersion = 16.0;
					};
				};
			};
			buildConfigurationList = A70005 /* Build configuration list for PBXProject "Alarma" */;
			compatibilityVersion = "Xcode 14.0";
			developmentRegion = es;
			hasScannedForEncodings = 0;
			knownRegions = (
				en,
				es,
				Base,
			);
			mainGroup = A50001;
			productRefGroup = A50008 /* Products */;
			projectDirPath = "";
			projectRoot = "";
			targets = (
				A60001 /* Alarma */,
			);
		};
/* End PBXProject section */

/* Begin PBXResourcesBuildPhase section */
		A80002 /* Resources */ = {
			isa = PBXResourcesBuildPhase;
			buildActionMask = 2147483647;
			files = (
			);
			runOnlyForDeploymentPostprocessing = 0;
		};
/* End PBXResourcesBuildPhase section */

/* Begin PBXSourcesBuildPhase section */
		A80001 /* Sources */ = {
			isa = PBXSourcesBuildPhase;
			buildActionMask = 2147483647;
			files = (
				A10001 /* AlarmaApp.swift in Sources */,
				A10002 /* ContentView.swift in Sources */,
				A10003 /* Alarm.swift in Sources */,
				A10004 /* AlarmSound.swift in Sources */,
				A10005 /* MathProblem.swift in Sources */,
				A10006 /* AlarmManager.swift in Sources */,
				A10007 /* AlarmListView.swift in Sources */,
				A10008 /* AlarmDetailView.swift in Sources */,
				A10009 /* DaySelectorView.swift in Sources */,
				A10010 /* AlarmActiveView.swift in Sources */,
				A10011 /* SoundPickerView.swift in Sources */,
				A10012 /* NotificationService.swift in Sources */,
				A10013 /* AudioService.swift in Sources */,
				A10014 /* MathService.swift in Sources */,
				A10015 /* PersistenceService.swift in Sources */,
				A10016 /* AppStyles.swift in Sources */,
			);
			runOnlyForDeploymentPostprocessing = 0;
		};
/* End PBXSourcesBuildPhase section */

/* Begin XCBuildConfiguration section */
		B10001 /* Debug */ = {
			isa = XCBuildConfiguration;
			buildSettings = {
				ALWAYS_SEARCH_USER_PATHS = NO;
				ASSETCATALOG_COMPILER_GENERATE_SWIFT_ASSET_SYMBOL_EXTENSIONS = YES;
				CLANG_ANALYZER_NONNULL = YES;
				CLANG_CXX_LANGUAGE_STANDARD = "gnu++20";
				CLANG_ENABLE_MODULES = YES;
				CLANG_ENABLE_OBJC_ARC = YES;
				COPY_PHASE_STRIP = NO;
				DEBUG_INFORMATION_FORMAT = dwarf;
				ENABLE_STRICT_OBJC_MSGSEND = YES;
				ENABLE_TESTABILITY = YES;
				GCC_DYNAMIC_NO_PIC = NO;
				GCC_OPTIMIZATION_LEVEL = 0;
				GCC_PREPROCESSOR_DEFINITIONS = (
					"DEBUG=1",
					"$(inherited)",
				);
				IPHONEOS_DEPLOYMENT_TARGET = 17.0;
				MTL_ENABLE_DEBUG_INFO = INCLUDE_SOURCE;
				ONLY_ACTIVE_ARCH = YES;
				SDKROOT = iphoneos;
				SWIFT_ACTIVE_COMPILATION_CONDITIONS = DEBUG;
				SWIFT_OPTIMIZATION_LEVEL = "-Onone";
			};
			name = Debug;
		};
		B10002 /* Release */ = {
			isa = XCBuildConfiguration;
			buildSettings = {
				ALWAYS_SEARCH_USER_PATHS = NO;
				ASSETCATALOG_COMPILER_GENERATE_SWIFT_ASSET_SYMBOL_EXTENSIONS = YES;
				CLANG_ANALYZER_NONNULL = YES;
				CLANG_CXX_LANGUAGE_STANDARD = "gnu++20";
				CLANG_ENABLE_MODULES = YES;
				CLANG_ENABLE_OBJC_ARC = YES;
				COPY_PHASE_STRIP = NO;
				DEBUG_INFORMATION_FORMAT = "dwarf-with-dsym";
				ENABLE_NS_ASSERTIONS = NO;
				ENABLE_STRICT_OBJC_MSGSEND = YES;
				GCC_OPTIMIZATION_LEVEL = s;
				IPHONEOS_DEPLOYMENT_TARGET = 17.0;
				MTL_ENABLE_DEBUG_INFO = NO;
				SDKROOT = iphoneos;
				SWIFT_COMPILATION_MODE = wholemodule;
				SWIFT_OPTIMIZATION_LEVEL = "-O";
				VALIDATE_PRODUCT = YES;
			};
			name = Release;
		};
		B10003 /* Debug */ = {
			isa = XCBuildConfiguration;
			buildSettings = {
				ASSETCATALOG_COMPILER_APPICON_NAME = AppIcon;
				CODE_SIGN_STYLE = Automatic;
				CURRENT_PROJECT_VERSION = 1;
				ENABLE_PREVIEWS = YES;
				GENERATE_INFOPLIST_FILE = NO;
				INFOPLIST_FILE = Alarma/Info.plist;
				INFOPLIST_KEY_CFBundleDisplayName = Alarma;
				INFOPLIST_KEY_UIApplicationSceneManifest_Generation = YES;
				INFOPLIST_KEY_UIApplicationSupportsIndirectInputEvents = YES;
				INFOPLIST_KEY_UILaunchScreen_Generation = YES;
				INFOPLIST_KEY_UISupportedInterfaceOrientations = UIInterfaceOrientationPortrait;
				IPHONEOS_DEPLOYMENT_TARGET = 17.0;
				LD_RUNPATH_SEARCH_PATHS = (
					"$(inherited)",
					"@executable_path/Frameworks",
				);
				MARKETING_VERSION = 1.0;
				PRODUCT_BUNDLE_IDENTIFIER = com.alarma.app;
				PRODUCT_NAME = Alarma;
				SWIFT_EMIT_LOC_STRINGS = YES;
				SWIFT_VERSION = 5.0;
				TARGETED_DEVICE_FAMILY = 1;
			};
			name = Debug;
		};
		B10004 /* Release */ = {
			isa = XCBuildConfiguration;
			buildSettings = {
				ASSETCATALOG_COMPILER_APPICON_NAME = AppIcon;
				CODE_SIGN_STYLE = Automatic;
				CURRENT_PROJECT_VERSION = 1;
				ENABLE_PREVIEWS = YES;
				GENERATE_INFOPLIST_FILE = NO;
				INFOPLIST_FILE = Alarma/Info.plist;
				INFOPLIST_KEY_CFBundleDisplayName = Alarma;
				INFOPLIST_KEY_UIApplicationSceneManifest_Generation = YES;
				INFOPLIST_KEY_UIApplicationSupportsIndirectInputEvents = YES;
				INFOPLIST_KEY_UILaunchScreen_Generation = YES;
				INFOPLIST_KEY_UISupportedInterfaceOrientations = UIInterfaceOrientationPortrait;
				IPHONEOS_DEPLOYMENT_TARGET = 17.0;
				LD_RUNPATH_SEARCH_PATHS = (
					"$(inherited)",
					"@executable_path/Frameworks",
				);
				MARKETING_VERSION = 1.0;
				PRODUCT_BUNDLE_IDENTIFIER = com.alarma.app;
				PRODUCT_NAME = Alarma;
				SWIFT_EMIT_LOC_STRINGS = YES;
				SWIFT_VERSION = 5.0;
				TARGETED_DEVICE_FAMILY = 1;
			};
			name = Release;
		};
/* End XCBuildConfiguration section */

/* Begin XCConfigurationList section */
		B20005 /* Build configuration list for PBXProject "Alarma" */ = {
			isa = XCConfigurationList;
			buildConfigurations = (
				B10001 /* Debug */,
				B10002 /* Release */,
			);
			defaultConfigurationIsVisible = 0;
			defaultConfigurationName = Release;
		};
		B20006 /* Build configuration list for PBXNativeTarget "Alarma" */ = {
			isa = XCConfigurationList;
			buildConfigurations = (
				B10003 /* Debug */,
				B10004 /* Release */,
			);
			defaultConfigurationIsVisible = 0;
			defaultConfigurationName = Release;
		};
/* End XCConfigurationList section */
	};
	rootObject = A90001 /* Project object */;
}
